
Microsoft Visual Studio Solution File, Format Version 12.00
# Visual Studio Version 16
VisualStudioVersion = 16.0.30330.147
MinimumVisualStudioVersion = 10.0.40219.1
Project("{8BC9CEB8-8B4A-11D0-8D11-00A0C91BC942}") = "computational_physics", "computational_physics.vcxproj", "{5B825F51-7F47-4D87-B318-D703F6A8CF38}"
EndProject
Project("{8BC9CEB8-8B4A-11D0-8D11-00A0C91BC942}") = "detect_machine_precision", "..\detect_machine_precision\detect_machine_precision.vcxproj", "{91B8E2C3-3691-4B6F-A435-D8BED881773F}"
EndProject
Project("{8BC9CEB8-8B4A-11D0-8D11-00A0C91BC942}") = "test_detect_machine_precision", "..\test_detect_machine_precision\test_detect_machine_precision.vcxproj", "{722AD45A-ED5B-488A-95AE-52EA885BF182}"
EndProject
Project("{8BC9CEB8-8B4A-11D0-8D11-00A0C91BC942}") = "bisection", "..\bisection\bisection.vcxproj", "{B1D24850-EFD3-43EB-8CDE-EF5E873DB12B}"
EndProject
Project("{8BC9CEB8-8B4A-11D0-8D11-00A0C91BC942}") = "bisection_test", "..\bisection_test\bisection_test.vcxproj", "{A7A6362C-894D-4CAB-8996-937BAB9A4B8A}"
EndProject
Project("{8BC9CEB8-8B4A-11D0-8D11-00A0C91BC942}") = "newton_raphson", "..\newton_raphson\newton_raphson.vcxproj", "{2E96F3BE-5B73-4AD9-8B96-E6C9C38455D8}"
EndProject
Project("{8BC9CEB8-8B4A-11D0-8D11-00A0C91BC942}") = "newton_raphson_test", "..\newton_raphson_test\newton_raphson_test.vcxproj", "{264E41FF-71DE-480E-823E-A7ED0B7D4BE5}"
EndProject
Project("{8BC9CEB8-8B4A-11D0-8D11-00A0C91BC942}") = "secant", "..\secant\secant.vcxproj", "{7E378B5E-ADC7-42F7-9649-0C9141A5D26B}"
EndProject
Project("{8BC9CEB8-8B4A-11D0-8D11-00A0C91BC942}") = "secant_test", "..\secant_test\secant_test.vcxproj", "{BC31AD75-5797-4FA2-A646-900454B759FD}"
EndProject
Project("{8BC9CEB8-8B4A-11D0-8D11-00A0C91BC942}") = "fixed_point", "..\fixed_point\fixed_point.vcxproj", "{B4DB4699-CD11-4F3E-AAA0-B2EE8747ECBE}"
EndProject
Project("{8BC9CEB8-8B4A-11D0-8D11-00A0C91BC942}") = "utilities", "..\utilities\utilities.vcxproj", "{85D3B6B8-F6E0-49BB-9E25-BF8D1FBBD7C2}"
EndProject
Project("{8BC9CEB8-8B4A-11D0-8D11-00A0C91BC942}") = "utilities_test", "..\utilities_test\utilities_test.vcxproj", "{61F06368-A8D1-4D49-BDE0-41A9E8B68DB8}"
EndProject
Project("{8BC9CEB8-8B4A-11D0-8D11-00A0C91BC942}") = "newton_cotes", "..\newton_cotes\newton_cotes.vcxproj", "{E3800034-E1F5-4FF3-B38C-D14E7761787A}"
EndProject
Project("{8BC9CEB8-8B4A-11D0-8D11-00A0C91BC942}") = "newton_cotes_test", "..\newton_cotes_test\newton_cotes_test.vcxproj", "{FCAFA7BF-ABC6-4F22-B7EC-42099190EF27}"
EndProject
Project("{8BC9CEB8-8B4A-11D0-8D11-00A0C91BC942}") = "simpson", "..\simpson\simpson.vcxproj", "{7995AAA8-6E41-4A7B-946C-47D2F8DB9B22}"
EndProject
Project("{8BC9CEB8-8B4A-11D0-8D11-00A0C91BC942}") = "simpson_test", "..\simpson_test\simpson_test.vcxproj", "{6760C1AB-0FEB-4692-AC8F-92E4A681F935}"
EndProject
Project("{8BC9CEB8-8B4A-11D0-8D11-00A0C91BC942}") = "gauss_chebyshev", "..\gauss_chebyshev\gauss_chebyshev.vcxproj", "{97245722-189F-41E9-BAB5-7A7F60C5FCB4}"
EndProject
Project("{8BC9CEB8-8B4A-11D0-8D11-00A0C91BC942}") = "gauss_chebyshev_test", "..\gauss_chebyshev_test\gauss_chebyshev_test.vcxproj", "{BC00DA8B-64F2-487B-9539-766E3FAD8368}"
EndProject
Project("{8BC9CEB8-8B4A-11D0-8D11-00A0C91BC942}") = "taylor", "..\taylor\taylor.vcxproj", "{C229E1B6-A837-48D8-9856-3E619BB7FCC0}"
EndProject
Project("{8BC9CEB8-8B4A-11D0-8D11-00A0C91BC942}") = "taylor_test", "..\taylor_test\taylor_test.vcxproj", "{F0DDA093-4DF1-4F63-90C2-9D251B0FBCA0}"
EndProject
Project("{8BC9CEB8-8B4A-11D0-8D11-00A0C91BC942}") = "euler", "..\euler\euler.vcxproj", "{03F9DE27-6C49-4FF2-811F-3A8E446D7AF2}"
EndProject
Project("{8BC9CEB8-8B4A-11D0-8D11-00A0C91BC942}") = "euler_test", "..\euler_test\euler_test.vcxproj", "{325BAF58-121C-4260-BCC8-8F20DD5E0B0B}"
EndProject
Project("{8BC9CEB8-8B4A-11D0-8D11-00A0C91BC942}") = "runge_kutta_4thOrder", "..\runge_kutta_4thOrder\runge_kutta_4thOrder.vcxproj", "{F17A7323-DD10-4694-A7CA-8F7E5C499321}"
EndProject
Project("{8BC9CEB8-8B4A-11D0-8D11-00A0C91BC942}") = "runge_kutta_4thOrder_test", "..\runge_kutta_4thOrder_test\runge_kutta_4thOrder_test.vcxproj", "{5388D50A-2FD8-410C-9B64-337F7197F60C}"
EndProject
Global
	GlobalSection(SolutionConfigurationPlatforms) = preSolution
		Debug|x64 = Debug|x64
		Debug|x86 = Debug|x86
		Release|x64 = Release|x64
		Release|x86 = Release|x86
	EndGlobalSection
	GlobalSection(ProjectConfigurationPlatforms) = postSolution
		{5B825F51-7F47-4D87-B318-D703F6A8CF38}.Debug|x64.ActiveCfg = Debug|x64
		{5B825F51-7F47-4D87-B318-D703F6A8CF38}.Debug|x64.Build.0 = Debug|x64
		{5B825F51-7F47-4D87-B318-D703F6A8CF38}.Debug|x86.ActiveCfg = Debug|Win32
		{5B825F51-7F47-4D87-B318-D703F6A8CF38}.Debug|x86.Build.0 = Debug|Win32
		{5B825F51-7F47-4D87-B318-D703F6A8CF38}.Release|x64.ActiveCfg = Release|x64
		{5B825F51-7F47-4D87-B318-D703F6A8CF38}.Release|x64.Build.0 = Release|x64
		{5B825F51-7F47-4D87-B318-D703F6A8CF38}.Release|x86.ActiveCfg = Release|Win32
		{5B825F51-7F47-4D87-B318-D703F6A8CF38}.Release|x86.Build.0 = Release|Win32
		{91B8E2C3-3691-4B6F-A435-D8BED881773F}.Debug|x64.ActiveCfg = Debug|x64
		{91B8E2C3-3691-4B6F-A435-D8BED881773F}.Debug|x64.Build.0 = Debug|x64
		{91B8E2C3-3691-4B6F-A435-D8BED881773F}.Debug|x86.ActiveCfg = Debug|Win32
		{91B8E2C3-3691-4B6F-A435-D8BED881773F}.Debug|x86.Build.0 = Debug|Win32
		{91B8E2C3-3691-4B6F-A435-D8BED881773F}.Release|x64.ActiveCfg = Release|x64
		{91B8E2C3-3691-4B6F-A435-D8BED881773F}.Release|x64.Build.0 = Release|x64
		{91B8E2C3-3691-4B6F-A435-D8BED881773F}.Release|x86.ActiveCfg = Release|Win32
		{91B8E2C3-3691-4B6F-A435-D8BED881773F}.Release|x86.Build.0 = Release|Win32
		{722AD45A-ED5B-488A-95AE-52EA885BF182}.Debug|x64.ActiveCfg = Debug|x64
		{722AD45A-ED5B-488A-95AE-52EA885BF182}.Debug|x64.Build.0 = Debug|x64
		{722AD45A-ED5B-488A-95AE-52EA885BF182}.Debug|x86.ActiveCfg = Debug|Win32
		{722AD45A-ED5B-488A-95AE-52EA885BF182}.Debug|x86.Build.0 = Debug|Win32
		{722AD45A-ED5B-488A-95AE-52EA885BF182}.Release|x64.ActiveCfg = Release|x64
		{722AD45A-ED5B-488A-95AE-52EA885BF182}.Release|x64.Build.0 = Release|x64
		{722AD45A-ED5B-488A-95AE-52EA885BF182}.Release|x86.ActiveCfg = Release|Win32
		{722AD45A-ED5B-488A-95AE-52EA885BF182}.Release|x86.Build.0 = Release|Win32
		{B1D24850-EFD3-43EB-8CDE-EF5E873DB12B}.Debug|x64.ActiveCfg = Debug|x64
		{B1D24850-EFD3-43EB-8CDE-EF5E873DB12B}.Debug|x64.Build.0 = Debug|x64
		{B1D24850-EFD3-43EB-8CDE-EF5E873DB12B}.Debug|x86.ActiveCfg = Debug|Win32
		{B1D24850-EFD3-43EB-8CDE-EF5E873DB12B}.Debug|x86.Build.0 = Debug|Win32
		{B1D24850-EFD3-43EB-8CDE-EF5E873DB12B}.Release|x64.ActiveCfg = Release|x64
		{B1D24850-EFD3-43EB-8CDE-EF5E873DB12B}.Release|x64.Build.0 = Release|x64
		{B1D24850-EFD3-43EB-8CDE-EF5E873DB12B}.Release|x86.ActiveCfg = Release|Win32
		{B1D24850-EFD3-43EB-8CDE-EF5E873DB12B}.Release|x86.Build.0 = Release|Win32
		{A7A6362C-894D-4CAB-8996-937BAB9A4B8A}.Debug|x64.ActiveCfg = Debug|x64
		{A7A6362C-894D-4CAB-8996-937BAB9A4B8A}.Debug|x64.Build.0 = Debug|x64
		{A7A6362C-894D-4CAB-8996-937BAB9A4B8A}.Debug|x86.ActiveCfg = Debug|Win32
		{A7A6362C-894D-4CAB-8996-937BAB9A4B8A}.Debug|x86.Build.0 = Debug|Win32
		{A7A6362C-894D-4CAB-8996-937BAB9A4B8A}.Release|x64.ActiveCfg = Release|x64
		{A7A6362C-894D-4CAB-8996-937BAB9A4B8A}.Release|x64.Build.0 = Release|x64
		{A7A6362C-894D-4CAB-8996-937BAB9A4B8A}.Release|x86.ActiveCfg = Release|Win32
		{A7A6362C-894D-4CAB-8996-937BAB9A4B8A}.Release|x86.Build.0 = Release|Win32
		{2E96F3BE-5B73-4AD9-8B96-E6C9C38455D8}.Debug|x64.ActiveCfg = Debug|x64
		{2E96F3BE-5B73-4AD9-8B96-E6C9C38455D8}.Debug|x64.Build.0 = Debug|x64
		{2E96F3BE-5B73-4AD9-8B96-E6C9C38455D8}.Debug|x86.ActiveCfg = Debug|Win32
		{2E96F3BE-5B73-4AD9-8B96-E6C9C38455D8}.Debug|x86.Build.0 = Debug|Win32
		{2E96F3BE-5B73-4AD9-8B96-E6C9C38455D8}.Release|x64.ActiveCfg = Release|x64
		{2E96F3BE-5B73-4AD9-8B96-E6C9C38455D8}.Release|x64.Build.0 = Release|x64
		{2E96F3BE-5B73-4AD9-8B96-E6C9C38455D8}.Release|x86.ActiveCfg = Release|Win32
		{2E96F3BE-5B73-4AD9-8B96-E6C9C38455D8}.Release|x86.Build.0 = Release|Win32
		{264E41FF-71DE-480E-823E-A7ED0B7D4BE5}.Debug|x64.ActiveCfg = Debug|x64
		{264E41FF-71DE-480E-823E-A7ED0B7D4BE5}.Debug|x64.Build.0 = Debug|x64
		{264E41FF-71DE-480E-823E-A7ED0B7D4BE5}.Debug|x86.ActiveCfg = Debug|Win32
		{264E41FF-71DE-480E-823E-A7ED0B7D4BE5}.Debug|x86.Build.0 = Debug|Win32
		{264E41FF-71DE-480E-823E-A7ED0B7D4BE5}.Release|x64.ActiveCfg = Release|x64
		{264E41FF-71DE-480E-823E-A7ED0B7D4BE5}.Release|x64.Build.0 = Release|x64
		{264E41FF-71DE-480E-823E-A7ED0B7D4BE5}.Release|x86.ActiveCfg = Release|Win32
		{264E41FF-71DE-480E-823E-A7ED0B7D4BE5}.Release|x86.Build.0 = Release|Win32
		{7E378B5E-ADC7-42F7-9649-0C9141A5D26B}.Debug|x64.ActiveCfg = Debug|x64
		{7E378B5E-ADC7-42F7-9649-0C9141A5D26B}.Debug|x64.Build.0 = Debug|x64
		{7E378B5E-ADC7-42F7-9649-0C9141A5D26B}.Debug|x86.ActiveCfg = Debug|Win32
		{7E378B5E-ADC7-42F7-9649-0C9141A5D26B}.Debug|x86.Build.0 = Debug|Win32
		{7E378B5E-ADC7-42F7-9649-0C9141A5D26B}.Release|x64.ActiveCfg = Release|x64
		{7E378B5E-ADC7-42F7-9649-0C9141A5D26B}.Release|x64.Build.0 = Release|x64
		{7E378B5E-ADC7-42F7-9649-0C9141A5D26B}.Release|x86.ActiveCfg = Release|Win32
		{7E378B5E-ADC7-42F7-9649-0C9141A5D26B}.Release|x86.Build.0 = Release|Win32
		{BC31AD75-5797-4FA2-A646-900454B759FD}.Debug|x64.ActiveCfg = Debug|x64
		{BC31AD75-5797-4FA2-A646-900454B759FD}.Debug|x64.Build.0 = Debug|x64
		{BC31AD75-5797-4FA2-A646-900454B759FD}.Debug|x86.ActiveCfg = Debug|Win32
		{BC31AD75-5797-4FA2-A646-900454B759FD}.Debug|x86.Build.0 = Debug|Win32
		{BC31AD75-5797-4FA2-A646-900454B759FD}.Release|x64.ActiveCfg = Release|x64
		{BC31AD75-5797-4FA2-A646-900454B759FD}.Release|x64.Build.0 = Release|x64
		{BC31AD75-5797-4FA2-A646-900454B759FD}.Release|x86.ActiveCfg = Release|Win32
		{BC31AD75-5797-4FA2-A646-900454B759FD}.Release|x86.Build.0 = Release|Win32
		{B4DB4699-CD11-4F3E-AAA0-B2EE8747ECBE}.Debug|x64.ActiveCfg = Debug|x64
		{B4DB4699-CD11-4F3E-AAA0-B2EE8747ECBE}.Debug|x64.Build.0 = Debug|x64
		{B4DB4699-CD11-4F3E-AAA0-B2EE8747ECBE}.Debug|x86.ActiveCfg = Debug|Win32
		{B4DB4699-CD11-4F3E-AAA0-B2EE8747ECBE}.Debug|x86.Build.0 = Debug|Win32
		{B4DB4699-CD11-4F3E-AAA0-B2EE8747ECBE}.Release|x64.ActiveCfg = Release|x64
		{B4DB4699-CD11-4F3E-AAA0-B2EE8747ECBE}.Release|x64.Build.0 = Release|x64
		{B4DB4699-CD11-4F3E-AAA0-B2EE8747ECBE}.Release|x86.ActiveCfg = Release|Win32
		{B4DB4699-CD11-4F3E-AAA0-B2EE8747ECBE}.Release|x86.Build.0 = Release|Win32
		{85D3B6B8-F6E0-49BB-9E25-BF8D1FBBD7C2}.Debug|x64.ActiveCfg = Debug|x64
		{85D3B6B8-F6E0-49BB-9E25-BF8D1FBBD7C2}.Debug|x64.Build.0 = Debug|x64
		{85D3B6B8-F6E0-49BB-9E25-BF8D1FBBD7C2}.Debug|x86.ActiveCfg = Debug|Win32
		{85D3B6B8-F6E0-49BB-9E25-BF8D1FBBD7C2}.Debug|x86.Build.0 = Debug|Win32
		{85D3B6B8-F6E0-49BB-9E25-BF8D1FBBD7C2}.Release|x64.ActiveCfg = Release|x64
		{85D3B6B8-F6E0-49BB-9E25-BF8D1FBBD7C2}.Release|x64.Build.0 = Release|x64
		{85D3B6B8-F6E0-49BB-9E25-BF8D1FBBD7C2}.Release|x86.ActiveCfg = Release|Win32
		{85D3B6B8-F6E0-49BB-9E25-BF8D1FBBD7C2}.Release|x86.Build.0 = Release|Win32
		{61F06368-A8D1-4D49-BDE0-41A9E8B68DB8}.Debug|x64.ActiveCfg = Debug|x64
		{61F06368-A8D1-4D49-BDE0-41A9E8B68DB8}.Debug|x64.Build.0 = Debug|x64
		{61F06368-A8D1-4D49-BDE0-41A9E8B68DB8}.Debug|x86.ActiveCfg = Debug|Win32
		{61F06368-A8D1-4D49-BDE0-41A9E8B68DB8}.Debug|x86.Build.0 = Debug|Win32
		{61F06368-A8D1-4D49-BDE0-41A9E8B68DB8}.Release|x64.ActiveCfg = Release|x64
		{61F06368-A8D1-4D49-BDE0-41A9E8B68DB8}.Release|x64.Build.0 = Release|x64
		{61F06368-A8D1-4D49-BDE0-41A9E8B68DB8}.Release|x86.ActiveCfg = Release|Win32
		{61F06368-A8D1-4D49-BDE0-41A9E8B68DB8}.Release|x86.Build.0 = Release|Win32
		{E3800034-E1F5-4FF3-B38C-D14E7761787A}.Debug|x64.ActiveCfg = Debug|x64
		{E3800034-E1F5-4FF3-B38C-D14E7761787A}.Debug|x64.Build.0 = Debug|x64
		{E3800034-E1F5-4FF3-B38C-D14E7761787A}.Debug|x86.ActiveCfg = Debug|Win32
		{E3800034-E1F5-4FF3-B38C-D14E7761787A}.Debug|x86.Build.0 = Debug|Win32
		{E3800034-E1F5-4FF3-B38C-D14E7761787A}.Release|x64.ActiveCfg = Release|x64
		{E3800034-E1F5-4FF3-B38C-D14E7761787A}.Release|x64.Build.0 = Release|x64
		{E3800034-E1F5-4FF3-B38C-D14E7761787A}.Release|x86.ActiveCfg = Release|Win32
		{E3800034-E1F5-4FF3-B38C-D14E7761787A}.Release|x86.Build.0 = Release|Win32
		{FCAFA7BF-ABC6-4F22-B7EC-42099190EF27}.Debug|x64.ActiveCfg = Debug|x64
		{FCAFA7BF-ABC6-4F22-B7EC-42099190EF27}.Debug|x64.Build.0 = Debug|x64
		{FCAFA7BF-ABC6-4F22-B7EC-42099190EF27}.Debug|x86.ActiveCfg = Debug|Win32
		{FCAFA7BF-ABC6-4F22-B7EC-42099190EF27}.Debug|x86.Build.0 = Debug|Win32
		{FCAFA7BF-ABC6-4F22-B7EC-42099190EF27}.Release|x64.ActiveCfg = Release|x64
		{FCAFA7BF-ABC6-4F22-B7EC-42099190EF27}.Release|x64.Build.0 = Release|x64
		{FCAFA7BF-ABC6-4F22-B7EC-42099190EF27}.Release|x86.ActiveCfg = Release|Win32
		{FCAFA7BF-ABC6-4F22-B7EC-42099190EF27}.Release|x86.Build.0 = Release|Win32
		{7995AAA8-6E41-4A7B-946C-47D2F8DB9B22}.Debug|x64.ActiveCfg = Debug|x64
		{7995AAA8-6E41-4A7B-946C-47D2F8DB9B22}.Debug|x64.Build.0 = Debug|x64
		{7995AAA8-6E41-4A7B-946C-47D2F8DB9B22}.Debug|x86.ActiveCfg = Debug|Win32
		{7995AAA8-6E41-4A7B-946C-47D2F8DB9B22}.Debug|x86.Build.0 = Debug|Win32
		{7995AAA8-6E41-4A7B-946C-47D2F8DB9B22}.Release|x64.ActiveCfg = Release|x64
		{7995AAA8-6E41-4A7B-946C-47D2F8DB9B22}.Release|x64.Build.0 = Release|x64
		{7995AAA8-6E41-4A7B-946C-47D2F8DB9B22}.Release|x86.ActiveCfg = Release|Win32
		{7995AAA8-6E41-4A7B-946C-47D2F8DB9B22}.Release|x86.Build.0 = Release|Win32
		{6760C1AB-0FEB-4692-AC8F-92E4A681F935}.Debug|x64.ActiveCfg = Debug|x64
		{6760C1AB-0FEB-4692-AC8F-92E4A681F935}.Debug|x64.Build.0 = Debug|x64
		{6760C1AB-0FEB-4692-AC8F-92E4A681F935}.Debug|x86.ActiveCfg = Debug|Win32
		{6760C1AB-0FEB-4692-AC8F-92E4A681F935}.Debug|x86.Build.0 = Debug|Win32
		{6760C1AB-0FEB-4692-AC8F-92E4A681F935}.Release|x64.ActiveCfg = Release|x64
		{6760C1AB-0FEB-4692-AC8F-92E4A681F935}.Release|x64.Build.0 = Release|x64
		{6760C1AB-0FEB-4692-AC8F-92E4A681F935}.Release|x86.ActiveCfg = Release|Win32
		{6760C1AB-0FEB-4692-AC8F-92E4A681F935}.Release|x86.Build.0 = Release|Win32
		{97245722-189F-41E9-BAB5-7A7F60C5FCB4}.Debug|x64.ActiveCfg = Debug|x64
		{97245722-189F-41E9-BAB5-7A7F60C5FCB4}.Debug|x64.Build.0 = Debug|x64
		{97245722-189F-41E9-BAB5-7A7F60C5FCB4}.Debug|x86.ActiveCfg = Debug|Win32
		{97245722-189F-41E9-BAB5-7A7F60C5FCB4}.Debug|x86.Build.0 = Debug|Win32
		{97245722-189F-41E9-BAB5-7A7F60C5FCB4}.Release|x64.ActiveCfg = Release|x64
		{97245722-189F-41E9-BAB5-7A7F60C5FCB4}.Release|x64.Build.0 = Release|x64
		{97245722-189F-41E9-BAB5-7A7F60C5FCB4}.Release|x86.ActiveCfg = Release|Win32
		{97245722-189F-41E9-BAB5-7A7F60C5FCB4}.Release|x86.Build.0 = Release|Win32
		{BC00DA8B-64F2-487B-9539-766E3FAD8368}.Debug|x64.ActiveCfg = Debug|x64
		{BC00DA8B-64F2-487B-9539-766E3FAD8368}.Debug|x64.Build.0 = Debug|x64
		{BC00DA8B-64F2-487B-9539-766E3FAD8368}.Debug|x86.ActiveCfg = Debug|Win32
		{BC00DA8B-64F2-487B-9539-766E3FAD8368}.Debug|x86.Build.0 = Debug|Win32
		{BC00DA8B-64F2-487B-9539-766E3FAD8368}.Release|x64.ActiveCfg = Release|x64
		{BC00DA8B-64F2-487B-9539-766E3FAD8368}.Release|x64.Build.0 = Release|x64
		{BC00DA8B-64F2-487B-9539-766E3FAD8368}.Release|x86.ActiveCfg = Release|Win32
		{BC00DA8B-64F2-487B-9539-766E3FAD8368}.Release|x86.Build.0 = Release|Win32
		{C229E1B6-A837-48D8-9856-3E619BB7FCC0}.Debug|x64.ActiveCfg = Debug|x64
		{C229E1B6-A837-48D8-9856-3E619BB7FCC0}.Debug|x64.Build.0 = Debug|x64
		{C229E1B6-A837-48D8-9856-3E619BB7FCC0}.Debug|x86.ActiveCfg = Debug|Win32
		{C229E1B6-A837-48D8-9856-3E619BB7FCC0}.Debug|x86.Build.0 = Debug|Win32
		{C229E1B6-A837-48D8-9856-3E619BB7FCC0}.Release|x64.ActiveCfg = Release|x64
		{C229E1B6-A837-48D8-9856-3E619BB7FCC0}.Release|x64.Build.0 = Release|x64
		{C229E1B6-A837-48D8-9856-3E619BB7FCC0}.Release|x86.ActiveCfg = Release|Win32
		{C229E1B6-A837-48D8-9856-3E619BB7FCC0}.Release|x86.Build.0 = Release|Win32
		{F0DDA093-4DF1-4F63-90C2-9D251B0FBCA0}.Debug|x64.ActiveCfg = Debug|x64
		{F0DDA093-4DF1-4F63-90C2-9D251B0FBCA0}.Debug|x64.Build.0 = Debug|x64
		{F0DDA093-4DF1-4F63-90C2-9D251B0FBCA0}.Debug|x86.ActiveCfg = Debug|Win32
		{F0DDA093-4DF1-4F63-90C2-9D251B0FBCA0}.Debug|x86.Build.0 = Debug|Win32
		{F0DDA093-4DF1-4F63-90C2-9D251B0FBCA0}.Release|x64.ActiveCfg = Release|x64
		{F0DDA093-4DF1-4F63-90C2-9D251B0FBCA0}.Release|x64.Build.0 = Release|x64
		{F0DDA093-4DF1-4F63-90C2-9D251B0FBCA0}.Release|x86.ActiveCfg = Release|Win32
		{F0DDA093-4DF1-4F63-90C2-9D251B0FBCA0}.Release|x86.Build.0 = Release|Win32
		{03F9DE27-6C49-4FF2-811F-3A8E446D7AF2}.Debug|x64.ActiveCfg = Debug|x64
		{03F9DE27-6C49-4FF2-811F-3A8E446D7AF2}.Debug|x64.Build.0 = Debug|x64
		{03F9DE27-6C49-4FF2-811F-3A8E446D7AF2}.Debug|x86.ActiveCfg = Debug|Win32
		{03F9DE27-6C49-4FF2-811F-3A8E446D7AF2}.Debug|x86.Build.0 = Debug|Win32
		{03F9DE27-6C49-4FF2-811F-3A8E446D7AF2}.Release|x64.ActiveCfg = Release|x64
		{03F9DE27-6C49-4FF2-811F-3A8E446D7AF2}.Release|x64.Build.0 = Release|x64
		{03F9DE27-6C49-4FF2-811F-3A8E446D7AF2}.Release|x86.ActiveCfg = Release|Win32
		{03F9DE27-6C49-4FF2-811F-3A8E446D7AF2}.Release|x86.Build.0 = Release|Win32
		{325BAF58-121C-4260-BCC8-8F20DD5E0B0B}.Debug|x64.ActiveCfg = Debug|x64
		{325BAF58-121C-4260-BCC8-8F20DD5E0B0B}.Debug|x64.Build.0 = Debug|x64
		{325BAF58-121C-4260-BCC8-8F20DD5E0B0B}.Debug|x86.ActiveCfg = Debug|Win32
		{325BAF58-121C-4260-BCC8-8F20DD5E0B0B}.Debug|x86.Build.0 = Debug|Win32
		{325BAF58-121C-4260-BCC8-8F20DD5E0B0B}.Release|x64.ActiveCfg = Release|x64
		{325BAF58-121C-4260-BCC8-8F20DD5E0B0B}.Release|x64.Build.0 = Release|x64
		{325BAF58-121C-4260-BCC8-8F20DD5E0B0B}.Release|x86.ActiveCfg = Release|Win32
		{325BAF58-121C-4260-BCC8-8F20DD5E0B0B}.Release|x86.Build.0 = Release|Win32
		{F17A7323-DD10-4694-A7CA-8F7E5C499321}.Debug|x64.ActiveCfg = Debug|x64
		{F17A7323-DD10-4694-A7CA-8F7E5C499321}.Debug|x64.Build.0 = Debug|x64
		{F17A7323-DD10-4694-A7CA-8F7E5C499321}.Debug|x86.ActiveCfg = Debug|Win32
		{F17A7323-DD10-4694-A7CA-8F7E5C499321}.Debug|x86.Build.0 = Debug|Win32
		{F17A7323-DD10-4694-A7CA-8F7E5C499321}.Release|x64.ActiveCfg = Release|x64
		{F17A7323-DD10-4694-A7CA-8F7E5C499321}.Release|x64.Build.0 = Release|x64
		{F17A7323-DD10-4694-A7CA-8F7E5C499321}.Release|x86.ActiveCfg = Release|Win32
		{F17A7323-DD10-4694-A7CA-8F7E5C499321}.Release|x86.Build.0 = Release|Win32
		{5388D50A-2FD8-410C-9B64-337F7197F60C}.Debug|x64.ActiveCfg = Debug|x64
		{5388D50A-2FD8-410C-9B64-337F7197F60C}.Debug|x64.Build.0 = Debug|x64
		{5388D50A-2FD8-410C-9B64-337F7197F60C}.Debug|x86.ActiveCfg = Debug|Win32
		{5388D50A-2FD8-410C-9B64-337F7197F60C}.Debug|x86.Build.0 = Debug|Win32
		{5388D50A-2FD8-410C-9B64-337F7197F60C}.Release|x64.ActiveCfg = Release|x64
		{5388D50A-2FD8-410C-9B64-337F7197F60C}.Release|x64.Build.0 = Release|x64
		{5388D50A-2FD8-410C-9B64-337F7197F60C}.Release|x86.ActiveCfg = Release|Win32
		{5388D50A-2FD8-410C-9B64-337F7197F60C}.Release|x86.Build.0 = Release|Win32
	EndGlobalSection
	GlobalSection(SolutionProperties) = preSolution
		HideSolutionNode = FALSE
	EndGlobalSection
	GlobalSection(ExtensibilityGlobals) = postSolution
		SolutionGuid = {1C2BA999-FA83-4FA7-9F71-89AD1DBF04EB}
	EndGlobalSection
EndGlobal
