
Microsoft Visual Studio Solution File, Format Version 12.00
# Visual Studio Version 16
VisualStudioVersion = 16.0.30330.147
MinimumVisualStudioVersion = 10.0.40219.1
Project("{8BC9CEB8-8B4A-11D0-8D11-00A0C91BC942}") = "computational_physics", "computational_physics.vcxproj", "{5B825F51-7F47-4D87-B318-D703F6A8CF38}"
EndProject
Project("{8BC9CEB8-8B4A-11D0-8D11-00A0C91BC942}") = "detect_machine_precision", "..\detect_machine_precision\detect_machine_precision.vcxproj", "{91B8E2C3-3691-4B6F-A435-D8BED881773F}"
EndProject
Project("{8BC9CEB8-8B4A-11D0-8D11-00A0C91BC942}") = "test_detect_machine_precision", "..\test_detect_machine_precision\test_detect_machine_precision.vcxproj", "{722AD45A-ED5B-488A-95AE-52EA885BF182}"
EndProject
Project("{8BC9CEB8-8B4A-11D0-8D11-00A0C91BC942}") = "bisection", "..\bisection\bisection.vcxproj", "{B1D24850-EFD3-43EB-8CDE-EF5E873DB12B}"
EndProject
Project("{8BC9CEB8-8B4A-11D0-8D11-00A0C91BC942}") = "bisection_test", "..\bisection_test\bisection_test.vcxproj", "{A7A6362C-894D-4CAB-8996-937BAB9A4B8A}"
EndProject
Project("{8BC9CEB8-8B4A-11D0-8D11-00A0C91BC942}") = "newton_raphson", "..\newton_raphson\newton_raphson.vcxproj", "{2E96F3BE-5B73-4AD9-8B96-E6C9C38455D8}"
EndProject
Project("{8BC9CEB8-8B4A-11D0-8D11-00A0C91BC942}") = "newton_raphson_test", "..\newton_raphson_test\newton_raphson_test.vcxproj", "{264E41FF-71DE-480E-823E-A7ED0B7D4BE5}"
EndProject
Global
	GlobalSection(SolutionConfigurationPlatforms) = preSolution
		Debug|x64 = Debug|x64
		Debug|x86 = Debug|x86
		Release|x64 = Release|x64
		Release|x86 = Release|x86
	EndGlobalSection
	GlobalSection(ProjectConfigurationPlatforms) = postSolution
		{5B825F51-7F47-4D87-B318-D703F6A8CF38}.Debug|x64.ActiveCfg = Debug|x64
		{5B825F51-7F47-4D87-B318-D703F6A8CF38}.Debug|x64.Build.0 = Debug|x64
		{5B825F51-7F47-4D87-B318-D703F6A8CF38}.Debug|x86.ActiveCfg = Debug|Win32
		{5B825F51-7F47-4D87-B318-D703F6A8CF38}.Debug|x86.Build.0 = Debug|Win32
		{5B825F51-7F47-4D87-B318-D703F6A8CF38}.Release|x64.ActiveCfg = Release|x64
		{5B825F51-7F47-4D87-B318-D703F6A8CF38}.Release|x64.Build.0 = Release|x64
		{5B825F51-7F47-4D87-B318-D703F6A8CF38}.Release|x86.ActiveCfg = Release|Win32
		{5B825F51-7F47-4D87-B318-D703F6A8CF38}.Release|x86.Build.0 = Release|Win32
		{91B8E2C3-3691-4B6F-A435-D8BED881773F}.Debug|x64.ActiveCfg = Debug|x64
		{91B8E2C3-3691-4B6F-A435-D8BED881773F}.Debug|x64.Build.0 = Debug|x64
		{91B8E2C3-3691-4B6F-A435-D8BED881773F}.Debug|x86.ActiveCfg = Debug|Win32
		{91B8E2C3-3691-4B6F-A435-D8BED881773F}.Debug|x86.Build.0 = Debug|Win32
		{91B8E2C3-3691-4B6F-A435-D8BED881773F}.Release|x64.ActiveCfg = Release|x64
		{91B8E2C3-3691-4B6F-A435-D8BED881773F}.Release|x64.Build.0 = Release|x64
		{91B8E2C3-3691-4B6F-A435-D8BED881773F}.Release|x86.ActiveCfg = Release|Win32
		{91B8E2C3-3691-4B6F-A435-D8BED881773F}.Release|x86.Build.0 = Release|Win32
		{722AD45A-ED5B-488A-95AE-52EA885BF182}.Debug|x64.ActiveCfg = Debug|x64
		{722AD45A-ED5B-488A-95AE-52EA885BF182}.Debug|x64.Build.0 = Debug|x64
		{722AD45A-ED5B-488A-95AE-52EA885BF182}.Debug|x86.ActiveCfg = Debug|Win32
		{722AD45A-ED5B-488A-95AE-52EA885BF182}.Debug|x86.Build.0 = Debug|Win32
		{722AD45A-ED5B-488A-95AE-52EA885BF182}.Release|x64.ActiveCfg = Release|x64
		{722AD45A-ED5B-488A-95AE-52EA885BF182}.Release|x64.Build.0 = Release|x64
		{722AD45A-ED5B-488A-95AE-52EA885BF182}.Release|x86.ActiveCfg = Release|Win32
		{722AD45A-ED5B-488A-95AE-52EA885BF182}.Release|x86.Build.0 = Release|Win32
		{B1D24850-EFD3-43EB-8CDE-EF5E873DB12B}.Debug|x64.ActiveCfg = Debug|x64
		{B1D24850-EFD3-43EB-8CDE-EF5E873DB12B}.Debug|x64.Build.0 = Debug|x64
		{B1D24850-EFD3-43EB-8CDE-EF5E873DB12B}.Debug|x86.ActiveCfg = Debug|Win32
		{B1D24850-EFD3-43EB-8CDE-EF5E873DB12B}.Debug|x86.Build.0 = Debug|Win32
		{B1D24850-EFD3-43EB-8CDE-EF5E873DB12B}.Release|x64.ActiveCfg = Release|x64
		{B1D24850-EFD3-43EB-8CDE-EF5E873DB12B}.Release|x64.Build.0 = Release|x64
		{B1D24850-EFD3-43EB-8CDE-EF5E873DB12B}.Release|x86.ActiveCfg = Release|Win32
		{B1D24850-EFD3-43EB-8CDE-EF5E873DB12B}.Release|x86.Build.0 = Release|Win32
		{A7A6362C-894D-4CAB-8996-937BAB9A4B8A}.Debug|x64.ActiveCfg = Debug|x64
		{A7A6362C-894D-4CAB-8996-937BAB9A4B8A}.Debug|x64.Build.0 = Debug|x64
		{A7A6362C-894D-4CAB-8996-937BAB9A4B8A}.Debug|x86.ActiveCfg = Debug|Win32
		{A7A6362C-894D-4CAB-8996-937BAB9A4B8A}.Debug|x86.Build.0 = Debug|Win32
		{A7A6362C-894D-4CAB-8996-937BAB9A4B8A}.Release|x64.ActiveCfg = Release|x64
		{A7A6362C-894D-4CAB-8996-937BAB9A4B8A}.Release|x64.Build.0 = Release|x64
		{A7A6362C-894D-4CAB-8996-937BAB9A4B8A}.Release|x86.ActiveCfg = Release|Win32
		{A7A6362C-894D-4CAB-8996-937BAB9A4B8A}.Release|x86.Build.0 = Release|Win32
		{2E96F3BE-5B73-4AD9-8B96-E6C9C38455D8}.Debug|x64.ActiveCfg = Debug|x64
		{2E96F3BE-5B73-4AD9-8B96-E6C9C38455D8}.Debug|x64.Build.0 = Debug|x64
		{2E96F3BE-5B73-4AD9-8B96-E6C9C38455D8}.Debug|x86.ActiveCfg = Debug|Win32
		{2E96F3BE-5B73-4AD9-8B96-E6C9C38455D8}.Debug|x86.Build.0 = Debug|Win32
		{2E96F3BE-5B73-4AD9-8B96-E6C9C38455D8}.Release|x64.ActiveCfg = Release|x64
		{2E96F3BE-5B73-4AD9-8B96-E6C9C38455D8}.Release|x64.Build.0 = Release|x64
		{2E96F3BE-5B73-4AD9-8B96-E6C9C38455D8}.Release|x86.ActiveCfg = Release|Win32
		{2E96F3BE-5B73-4AD9-8B96-E6C9C38455D8}.Release|x86.Build.0 = Release|Win32
		{264E41FF-71DE-480E-823E-A7ED0B7D4BE5}.Debug|x64.ActiveCfg = Debug|x64
		{264E41FF-71DE-480E-823E-A7ED0B7D4BE5}.Debug|x64.Build.0 = Debug|x64
		{264E41FF-71DE-480E-823E-A7ED0B7D4BE5}.Debug|x86.ActiveCfg = Debug|Win32
		{264E41FF-71DE-480E-823E-A7ED0B7D4BE5}.Debug|x86.Build.0 = Debug|Win32
		{264E41FF-71DE-480E-823E-A7ED0B7D4BE5}.Release|x64.ActiveCfg = Release|x64
		{264E41FF-71DE-480E-823E-A7ED0B7D4BE5}.Release|x64.Build.0 = Release|x64
		{264E41FF-71DE-480E-823E-A7ED0B7D4BE5}.Release|x86.ActiveCfg = Release|Win32
		{264E41FF-71DE-480E-823E-A7ED0B7D4BE5}.Release|x86.Build.0 = Release|Win32
	EndGlobalSection
	GlobalSection(SolutionProperties) = preSolution
		HideSolutionNode = FALSE
	EndGlobalSection
	GlobalSection(ExtensibilityGlobals) = postSolution
		SolutionGuid = {1C2BA999-FA83-4FA7-9F71-89AD1DBF04EB}
	EndGlobalSection
EndGlobal
